
Microsoft Visual Studio Solution File, Format Version 12.00
# Visual Studio Version 17
VisualStudioVersion = 17.0.31903.59
MinimumVisualStudioVersion = 10.0.40219.1
Project("{FAE04EC0-301F-11D3-BF4B-00C04F79EFBC}") = "OFEnhancer.Protocol", "OFEnhancer.Protocol\OFEnhancer.Protocol.csproj", "{54699A2F-10B9-4CD3-B2A2-89C0F6E4B370}"
EndProject
Project("{FAE04EC0-301F-11D3-BF4B-00C04F79EFBC}") = "OFEnhancer.Protocol.Tests", "OFEnhancer.Protocol.Tests\OFEnhancer.Protocol.Tests.csproj", "{93661F08-6A10-48C1-BABE-51B6C342F9E0}"
EndProject
Global
	GlobalSection(SolutionConfigurationPlatforms) = preSolution
		Debug|Any CPU = Debug|Any CPU
		Release|Any CPU = Release|Any CPU
	EndGlobalSection
	GlobalSection(SolutionProperties) = preSolution
		HideSolutionNode = FALSE
	EndGlobalSection
	GlobalSection(ProjectConfigurationPlatforms) = postSolution
		{54699A2F-10B9-4CD3-B2A2-89C0F6E4B370}.Debug|Any CPU.ActiveCfg = Debug|Any CPU
		{54699A2F-10B9-4CD3-B2A2-89C0F6E4B370}.Debug|Any CPU.Build.0 = Debug|Any CPU
		{54699A2F-10B9-4CD3-B2A2-89C0F6E4B370}.Release|Any CPU.ActiveCfg = Release|Any CPU
		{54699A2F-10B9-4CD3-B2A2-89C0F6E4B370}.Release|Any CPU.Build.0 = Release|Any CPU
		{93661F08-6A10-48C1-BABE-51B6C342F9E0}.Debug|Any CPU.ActiveCfg = Debug|Any CPU
		{93661F08-6A10-48C1-BABE-51B6C342F9E0}.Debug|Any CPU.Build.0 = Debug|Any CPU
		{93661F08-6A10-48C1-BABE-51B6C342F9E0}.Release|Any CPU.ActiveCfg = Release|Any CPU
		{93661F08-6A10-48C1-BABE-51B6C342F9E0}.Release|Any CPU.Build.0 = Release|Any CPU
	EndGlobalSection
EndGlobal
